
Microsoft Visual Studio Solution File, Format Version 12.00
# Visual Studio Version 17
VisualStudioVersion = 17.14.37012.4 d17.14
MinimumVisualStudioVersion = 10.0.40219.1
Project("{FAE04EC0-301F-11D3-BF4B-00C04F79EFBC}") = "SRMDevOps", "SRMDevOps\SRMDevOps.csproj", "{B46B46F8-6A41-41A9-B227-3EAC14E8AF0A}"
EndProject
Global
	GlobalSection(SolutionConfigurationPlatforms) = preSolution
		Debug|Any CPU = Debug|Any CPU
		Release|Any CPU = Release|Any CPU
	EndGlobalSection
	GlobalSection(ProjectConfigurationPlatforms) = postSolution
		{B46B46F8-6A41-41A9-B227-3EAC14E8AF0A}.Debug|Any CPU.ActiveCfg = Debug|Any CPU
		{B46B46F8-6A41-41A9-B227-3EAC14E8AF0A}.Debug|Any CPU.Build.0 = Debug|Any CPU
		{B46B46F8-6A41-41A9-B227-3EAC14E8AF0A}.Release|Any CPU.ActiveCfg = Release|Any CPU
		{B46B46F8-6A41-41A9-B227-3EAC14E8AF0A}.Release|Any CPU.Build.0 = Release|Any CPU
	EndGlobalSection
	GlobalSection(SolutionProperties) = preSolution
		HideSolutionNode = FALSE
	EndGlobalSection
	GlobalSection(ExtensibilityGlobals) = postSolution
		SolutionGuid = {9A6B6921-FF33-4944-BFDF-AC16EFA02B41}
	EndGlobalSection
EndGlobal
